
Microsoft Visual Studio Solution File, Format Version 12.00
# Visual Studio Version 17
VisualStudioVersion = 17.0.31903.59
MinimumVisualStudioVersion = 10.0.40219.1
Project("{2150E333-8FDC-42A3-9474-1A3956D46DE8}") = "src", "src", "{827E0CD3-B72D-47B6-A68D-7590B98EB39B}"
EndProject
Project("{FAE04EC0-301F-11D3-BF4B-00C04F79EFBC}") = "Oficina.Auth.Shared", "src\Oficina.Auth.Shared\Oficina.Auth.Shared.csproj", "{A5E60B69-7256-4F62-9D5A-BF5EFF61BEE1}"
EndProject
Project("{FAE04EC0-301F-11D3-BF4B-00C04F79EFBC}") = "Oficina.Auth.Cpf", "src\Oficina.Auth.Cpf\Oficina.Auth.Cpf.csproj", "{CA78BBEA-21DF-44EC-A179-94E008D43E57}"
EndProject
Project("{FAE04EC0-301F-11D3-BF4B-00C04F79EFBC}") = "Oficina.Auth.Authorizer", "src\Oficina.Auth.Authorizer\Oficina.Auth.Authorizer.csproj", "{22468F78-D314-4091-AC19-90736A97A1CB}"
EndProject
Project("{2150E333-8FDC-42A3-9474-1A3956D46DE8}") = "tests", "tests", "{0AB3BF05-4346-4AA6-1389-037BE0695223}"
EndProject
Project("{FAE04EC0-301F-11D3-BF4B-00C04F79EFBC}") = "Oficina.Auth.Shared.Tests", "tests\Oficina.Auth.Shared.Tests\Oficina.Auth.Shared.Tests.csproj", "{BAC7E593-B2AB-4D5C-B63A-70F764E4D315}"
EndProject
Project("{FAE04EC0-301F-11D3-BF4B-00C04F79EFBC}") = "Oficina.Auth.Cpf.Tests", "tests\Oficina.Auth.Cpf.Tests\Oficina.Auth.Cpf.Tests.csproj", "{44F0E926-0C5F-4B29-BF91-DCB588247C78}"
EndProject
Project("{FAE04EC0-301F-11D3-BF4B-00C04F79EFBC}") = "Oficina.Auth.Authorizer.Tests", "tests\Oficina.Auth.Authorizer.Tests\Oficina.Auth.Authorizer.Tests.csproj", "{26109B1C-5FF7-4098-A481-B86627115BD0}"
EndProject
Project("{FAE04EC0-301F-11D3-BF4B-00C04F79EFBC}") = "Oficina.Auth.IntegrationTests", "tests\Oficina.Auth.IntegrationTests\Oficina.Auth.IntegrationTests.csproj", "{0328C1C1-9FB3-40B4-B952-ED170DDDE6EE}"
EndProject
Global
	GlobalSection(SolutionConfigurationPlatforms) = preSolution
		Debug|Any CPU = Debug|Any CPU
		Debug|x64 = Debug|x64
		Debug|x86 = Debug|x86
		Release|Any CPU = Release|Any CPU
		Release|x64 = Release|x64
		Release|x86 = Release|x86
	EndGlobalSection
	GlobalSection(ProjectConfigurationPlatforms) = postSolution
		{A5E60B69-7256-4F62-9D5A-BF5EFF61BEE1}.Debug|Any CPU.ActiveCfg = Debug|Any CPU
		{A5E60B69-7256-4F62-9D5A-BF5EFF61BEE1}.Debug|Any CPU.Build.0 = Debug|Any CPU
		{A5E60B69-7256-4F62-9D5A-BF5EFF61BEE1}.Debug|x64.ActiveCfg = Debug|Any CPU
		{A5E60B69-7256-4F62-9D5A-BF5EFF61BEE1}.Debug|x64.Build.0 = Debug|Any CPU
		{A5E60B69-7256-4F62-9D5A-BF5EFF61BEE1}.Debug|x86.ActiveCfg = Debug|Any CPU
		{A5E60B69-7256-4F62-9D5A-BF5EFF61BEE1}.Debug|x86.Build.0 = Debug|Any CPU
		{A5E60B69-7256-4F62-9D5A-BF5EFF61BEE1}.Release|Any CPU.ActiveCfg = Release|Any CPU
		{A5E60B69-7256-4F62-9D5A-BF5EFF61BEE1}.Release|Any CPU.Build.0 = Release|Any CPU
		{A5E60B69-7256-4F62-9D5A-BF5EFF61BEE1}.Release|x64.ActiveCfg = Release|Any CPU
		{A5E60B69-7256-4F62-9D5A-BF5EFF61BEE1}.Release|x64.Build.0 = Release|Any CPU
		{A5E60B69-7256-4F62-9D5A-BF5EFF61BEE1}.Release|x86.ActiveCfg = Release|Any CPU
		{A5E60B69-7256-4F62-9D5A-BF5EFF61BEE1}.Release|x86.Build.0 = Release|Any CPU
		{CA78BBEA-21DF-44EC-A179-94E008D43E57}.Debug|Any CPU.ActiveCfg = Debug|Any CPU
		{CA78BBEA-21DF-44EC-A179-94E008D43E57}.Debug|Any CPU.Build.0 = Debug|Any CPU
		{CA78BBEA-21DF-44EC-A179-94E008D43E57}.Debug|x64.ActiveCfg = Debug|Any CPU
		{CA78BBEA-21DF-44EC-A179-94E008D43E57}.Debug|x64.Build.0 = Debug|Any CPU
		{CA78BBEA-21DF-44EC-A179-94E008D43E57}.Debug|x86.ActiveCfg = Debug|Any CPU
		{CA78BBEA-21DF-44EC-A179-94E008D43E57}.Debug|x86.Build.0 = Debug|Any CPU
		{CA78BBEA-21DF-44EC-A179-94E008D43E57}.Release|Any CPU.ActiveCfg = Release|Any CPU
		{CA78BBEA-21DF-44EC-A179-94E008D43E57}.Release|Any CPU.Build.0 = Release|Any CPU
		{CA78BBEA-21DF-44EC-A179-94E008D43E57}.Release|x64.ActiveCfg = Release|Any CPU
		{CA78BBEA-21DF-44EC-A179-94E008D43E57}.Release|x64.Build.0 = Release|Any CPU
		{CA78BBEA-21DF-44EC-A179-94E008D43E57}.Release|x86.ActiveCfg = Release|Any CPU
		{CA78BBEA-21DF-44EC-A179-94E008D43E57}.Release|x86.Build.0 = Release|Any CPU
		{22468F78-D314-4091-AC19-90736A97A1CB}.Debug|Any CPU.ActiveCfg = Debug|Any CPU
		{22468F78-D314-4091-AC19-90736A97A1CB}.Debug|Any CPU.Build.0 = Debug|Any CPU
		{22468F78-D314-4091-AC19-90736A97A1CB}.Debug|x64.ActiveCfg = Debug|Any CPU
		{22468F78-D314-4091-AC19-90736A97A1CB}.Debug|x64.Build.0 = Debug|Any CPU
		{22468F78-D314-4091-AC19-90736A97A1CB}.Debug|x86.ActiveCfg = Debug|Any CPU
		{22468F78-D314-4091-AC19-90736A97A1CB}.Debug|x86.Build.0 = Debug|Any CPU
		{22468F78-D314-4091-AC19-90736A97A1CB}.Release|Any CPU.ActiveCfg = Release|Any CPU
		{22468F78-D314-4091-AC19-90736A97A1CB}.Release|Any CPU.Build.0 = Release|Any CPU
		{22468F78-D314-4091-AC19-90736A97A1CB}.Release|x64.ActiveCfg = Release|Any CPU
		{22468F78-D314-4091-AC19-90736A97A1CB}.Release|x64.Build.0 = Release|Any CPU
		{22468F78-D314-4091-AC19-90736A97A1CB}.Release|x86.ActiveCfg = Release|Any CPU
		{22468F78-D314-4091-AC19-90736A97A1CB}.Release|x86.Build.0 = Release|Any CPU
		{BAC7E593-B2AB-4D5C-B63A-70F764E4D315}.Debug|Any CPU.ActiveCfg = Debug|Any CPU
		{BAC7E593-B2AB-4D5C-B63A-70F764E4D315}.Debug|Any CPU.Build.0 = Debug|Any CPU
		{BAC7E593-B2AB-4D5C-B63A-70F764E4D315}.Debug|x64.ActiveCfg = Debug|Any CPU
		{BAC7E593-B2AB-4D5C-B63A-70F764E4D315}.Debug|x64.Build.0 = Debug|Any CPU
		{BAC7E593-B2AB-4D5C-B63A-70F764E4D315}.Debug|x86.ActiveCfg = Debug|Any CPU
		{BAC7E593-B2AB-4D5C-B63A-70F764E4D315}.Debug|x86.Build.0 = Debug|Any CPU
		{BAC7E593-B2AB-4D5C-B63A-70F764E4D315}.Release|Any CPU.ActiveCfg = Release|Any CPU
		{BAC7E593-B2AB-4D5C-B63A-70F764E4D315}.Release|Any CPU.Build.0 = Release|Any CPU
		{BAC7E593-B2AB-4D5C-B63A-70F764E4D315}.Release|x64.ActiveCfg = Release|Any CPU
		{BAC7E593-B2AB-4D5C-B63A-70F764E4D315}.Release|x64.Build.0 = Release|Any CPU
		{BAC7E593-B2AB-4D5C-B63A-70F764E4D315}.Release|x86.ActiveCfg = Release|Any CPU
		{BAC7E593-B2AB-4D5C-B63A-70F764E4D315}.Release|x86.Build.0 = Release|Any CPU
		{44F0E926-0C5F-4B29-BF91-DCB588247C78}.Debug|Any CPU.ActiveCfg = Debug|Any CPU
		{44F0E926-0C5F-4B29-BF91-DCB588247C78}.Debug|Any CPU.Build.0 = Debug|Any CPU
		{44F0E926-0C5F-4B29-BF91-DCB588247C78}.Debug|x64.ActiveCfg = Debug|Any CPU
		{44F0E926-0C5F-4B29-BF91-DCB588247C78}.Debug|x64.Build.0 = Debug|Any CPU
		{44F0E926-0C5F-4B29-BF91-DCB588247C78}.Debug|x86.ActiveCfg = Debug|Any CPU
		{44F0E926-0C5F-4B29-BF91-DCB588247C78}.Debug|x86.Build.0 = Debug|Any CPU
		{44F0E926-0C5F-4B29-BF91-DCB588247C78}.Release|Any CPU.ActiveCfg = Release|Any CPU
		{44F0E926-0C5F-4B29-BF91-DCB588247C78}.Release|Any CPU.Build.0 = Release|Any CPU
		{44F0E926-0C5F-4B29-BF91-DCB588247C78}.Release|x64.ActiveCfg = Release|Any CPU
		{44F0E926-0C5F-4B29-BF91-DCB588247C78}.Release|x64.Build.0 = Release|Any CPU
		{44F0E926-0C5F-4B29-BF91-DCB588247C78}.Release|x86.ActiveCfg = Release|Any CPU
		{44F0E926-0C5F-4B29-BF91-DCB588247C78}.Release|x86.Build.0 = Release|Any CPU
		{26109B1C-5FF7-4098-A481-B86627115BD0}.Debug|Any CPU.ActiveCfg = Debug|Any CPU
		{26109B1C-5FF7-4098-A481-B86627115BD0}.Debug|Any CPU.Build.0 = Debug|Any CPU
		{26109B1C-5FF7-4098-A481-B86627115BD0}.Debug|x64.ActiveCfg = Debug|Any CPU
		{26109B1C-5FF7-4098-A481-B86627115BD0}.Debug|x64.Build.0 = Debug|Any CPU
		{26109B1C-5FF7-4098-A481-B86627115BD0}.Debug|x86.ActiveCfg = Debug|Any CPU
		{26109B1C-5FF7-4098-A481-B86627115BD0}.Debug|x86.Build.0 = Debug|Any CPU
		{26109B1C-5FF7-4098-A481-B86627115BD0}.Release|Any CPU.ActiveCfg = Release|Any CPU
		{26109B1C-5FF7-4098-A481-B86627115BD0}.Release|Any CPU.Build.0 = Release|Any CPU
		{26109B1C-5FF7-4098-A481-B86627115BD0}.Release|x64.ActiveCfg = Release|Any CPU
		{26109B1C-5FF7-4098-A481-B86627115BD0}.Release|x64.Build.0 = Release|Any CPU
		{26109B1C-5FF7-4098-A481-B86627115BD0}.Release|x86.ActiveCfg = Release|Any CPU
		{26109B1C-5FF7-4098-A481-B86627115BD0}.Release|x86.Build.0 = Release|Any CPU
		{0328C1C1-9FB3-40B4-B952-ED170DDDE6EE}.Debug|Any CPU.ActiveCfg = Debug|Any CPU
		{0328C1C1-9FB3-40B4-B952-ED170DDDE6EE}.Debug|Any CPU.Build.0 = Debug|Any CPU
		{0328C1C1-9FB3-40B4-B952-ED170DDDE6EE}.Debug|x64.ActiveCfg = Debug|Any CPU
		{0328C1C1-9FB3-40B4-B952-ED170DDDE6EE}.Debug|x64.Build.0 = Debug|Any CPU
		{0328C1C1-9FB3-40B4-B952-ED170DDDE6EE}.Debug|x86.ActiveCfg = Debug|Any CPU
		{0328C1C1-9FB3-40B4-B952-ED170DDDE6EE}.Debug|x86.Build.0 = Debug|Any CPU
		{0328C1C1-9FB3-40B4-B952-ED170DDDE6EE}.Release|Any CPU.ActiveCfg = Release|Any CPU
		{0328C1C1-9FB3-40B4-B952-ED170DDDE6EE}.Release|Any CPU.Build.0 = Release|Any CPU
		{0328C1C1-9FB3-40B4-B952-ED170DDDE6EE}.Release|x64.ActiveCfg = Release|Any CPU
		{0328C1C1-9FB3-40B4-B952-ED170DDDE6EE}.Release|x64.Build.0 = Release|Any CPU
		{0328C1C1-9FB3-40B4-B952-ED170DDDE6EE}.Release|x86.ActiveCfg = Release|Any CPU
		{0328C1C1-9FB3-40B4-B952-ED170DDDE6EE}.Release|x86.Build.0 = Release|Any CPU
	EndGlobalSection
	GlobalSection(SolutionProperties) = preSolution
		HideSolutionNode = FALSE
	EndGlobalSection
	GlobalSection(NestedProjects) = preSolution
		{A5E60B69-7256-4F62-9D5A-BF5EFF61BEE1} = {827E0CD3-B72D-47B6-A68D-7590B98EB39B}
		{CA78BBEA-21DF-44EC-A179-94E008D43E57} = {827E0CD3-B72D-47B6-A68D-7590B98EB39B}
		{22468F78-D314-4091-AC19-90736A97A1CB} = {827E0CD3-B72D-47B6-A68D-7590B98EB39B}
		{BAC7E593-B2AB-4D5C-B63A-70F764E4D315} = {0AB3BF05-4346-4AA6-1389-037BE0695223}
		{44F0E926-0C5F-4B29-BF91-DCB588247C78} = {0AB3BF05-4346-4AA6-1389-037BE0695223}
		{26109B1C-5FF7-4098-A481-B86627115BD0} = {0AB3BF05-4346-4AA6-1389-037BE0695223}
		{0328C1C1-9FB3-40B4-B952-ED170DDDE6EE} = {0AB3BF05-4346-4AA6-1389-037BE0695223}
	EndGlobalSection
EndGlobal
